
Microsoft Visual Studio Solution File, Format Version 12.00
# Visual Studio Version 16
VisualStudioVersion = 16.0.29201.188
MinimumVisualStudioVersion = 10.0.40219.1
Project("{FAE04EC0-301F-11D3-BF4B-00C04F79EFBC}") = "WebApplication1", "WebApplication1\WebApplication1.csproj", "{32B966B9-0D36-4700-8F91-AA70187B11EF}"
EndProject
Global
	GlobalSection(SolutionConfigurationPlatforms) = preSolution
		Debug|Any CPU = Debug|Any CPU
		Release|Any CPU = Release|Any CPU
	EndGlobalSection
	GlobalSection(ProjectConfigurationPlatforms) = postSolution
		{32B966B9-0D36-4700-8F91-AA70187B11EF}.Debug|Any CPU.ActiveCfg = Debug|Any CPU
		{32B966B9-0D36-4700-8F91-AA70187B11EF}.Debug|Any CPU.Build.0 = Debug|Any CPU
		{32B966B9-0D36-4700-8F91-AA70187B11EF}.Release|Any CPU.ActiveCfg = Release|Any CPU
		{32B966B9-0D36-4700-8F91-AA70187B11EF}.Release|Any CPU.Build.0 = Release|Any CPU
	EndGlobalSection
	GlobalSection(SolutionProperties) = preSolution
		HideSolutionNode = FALSE
	EndGlobalSection
	GlobalSection(ExtensibilityGlobals) = postSolution
		SolutionGuid = {C79FA73B-72C0-4F62-9CDF-126CB4D0A009}
	EndGlobalSection
EndGlobal
